
Microsoft Visual Studio Solution File, Format Version 12.00
# Visual Studio Version 17
VisualStudioVersion = 17.2.32516.85
MinimumVisualStudioVersion = 10.0.40219.1
Project("{FAE04EC0-301F-11D3-BF4B-00C04F79EFBC}") = "TextHelper", "TextHelper\TextHelper.csproj", "{70CC6D2F-651A-4116-A65B-D6A7F51AF6C0}"
EndProject
Project("{2150E333-8FDC-42A3-9474-1A3956D46DE8}") = "Solution Items", "Solution Items", "{387F49FA-B7A5-40F5-85A9-B7CDA4E91EED}"
	ProjectSection(SolutionItems) = preProject
		.editorconfig = .editorconfig
	EndProjectSection
EndProject
Project("{FAE04EC0-301F-11D3-BF4B-00C04F79EFBC}") = "TextHelper.Packager", "TextHelper.Packager\TextHelper.Packager.csproj", "{0451BAEF-DF2E-4B98-8644-94EE9415E389}"
EndProject
Global
	GlobalSection(SolutionConfigurationPlatforms) = preSolution
		Debug|Any CPU = Debug|Any CPU
		Release|Any CPU = Release|Any CPU
	EndGlobalSection
	GlobalSection(ProjectConfigurationPlatforms) = postSolution
		{70CC6D2F-651A-4116-A65B-D6A7F51AF6C0}.Debug|Any CPU.ActiveCfg = Debug|Any CPU
		{70CC6D2F-651A-4116-A65B-D6A7F51AF6C0}.Debug|Any CPU.Build.0 = Debug|Any CPU
		{70CC6D2F-651A-4116-A65B-D6A7F51AF6C0}.Release|Any CPU.ActiveCfg = Release|Any CPU
		{70CC6D2F-651A-4116-A65B-D6A7F51AF6C0}.Release|Any CPU.Build.0 = Release|Any CPU
		{0451BAEF-DF2E-4B98-8644-94EE9415E389}.Debug|Any CPU.ActiveCfg = Debug|Any CPU
		{0451BAEF-DF2E-4B98-8644-94EE9415E389}.Release|Any CPU.ActiveCfg = Release|Any CPU
		{0451BAEF-DF2E-4B98-8644-94EE9415E389}.Release|Any CPU.Build.0 = Release|Any CPU
	EndGlobalSection
	GlobalSection(SolutionProperties) = preSolution
		HideSolutionNode = FALSE
	EndGlobalSection
	GlobalSection(ExtensibilityGlobals) = postSolution
		SolutionGuid = {C172512D-8B88-4147-904A-9A79F40E14C2}
	EndGlobalSection
EndGlobal
